// !$*UTF8*$!
{
	archiveVersion = 1;
	classes = {
	};
	objectVersion = 46;
	objects = {

/* Begin PBXBuildFile section */
		84A583071A9F5812006B5EE6 /* main.m in Sources */ = {isa = PBXBuildFile; fileRef = 84A583061A9F5812006B5EE6 /* main.m */; };
		84A5830A1A9F5812006B5EE6 /* AppDelegate.m in Sources */ = {isa = PBXBuildFile; fileRef = 84A583091A9F5812006B5EE6 /* AppDelegate.m */; };
		84A5830D1A9F5812006B5EE6 /* ViewController.m in Sources */ = {isa = PBXBuildFile; fileRef = 84A5830C1A9F5812006B5EE6 /* ViewController.m */; };
		84A583101A9F5812006B5EE6 /* Main.storyboard in Resources */ = {isa = PBXBuildFile; fileRef = 84A5830E1A9F5812006B5EE6 /* Main.storyboard */; };
		84A583121A9F5812006B5EE6 /* Images.xcassets in Resources */ = {isa = PBXBuildFile; fileRef = 84A583111A9F5812006B5EE6 /* Images.xcassets */; };
		84A583151A9F5812006B5EE6 /* LaunchScreen.xib in Resources */ = {isa = PBXBuildFile; fileRef = 84A583131A9F5812006B5EE6 /* LaunchScreen.xib */; };
		84A583211A9F5812006B5EE6 /* MonumentMapTests.m in Sources */ = {isa = PBXBuildFile; fileRef = 84A583201A9F5812006B5EE6 /* MonumentMapTests.m */; };
/* End PBXBuildFile section */

/* Begin PBXContainerItemProxy section */
		84A5831B1A9F5812006B5EE6 /* PBXContainerItemProxy */ = {
			isa = PBXContainerItemProxy;
			containerPortal = 84A582F91A9F5812006B5EE6 /* Project object */;
			proxyType = 1;
			remoteGlobalIDString = 84A583001A9F5812006B5EE6;
			remoteInfo = MonumentMap;
		};
/* End PBXContainerItemProxy section */

/* Begin PBXFileReference section */
		84A583011A9F5812006B5EE6 /* MonumentMap.app */ = {isa = PBXFileReference; explicitFileType = wrapper.application; includeInIndex = 0; path = MonumentMap.app; sourceTree = BUILT_PRODUCTS_DIR; };
		84A583051A9F5812006B5EE6 /* Info.plist */ = {isa = PBXFileReference; lastKnownFileType = text.plist.xml; path = Info.plist; sourceTree = "<group>"; };
		84A583061A9F5812006B5EE6 /* main.m */ = {isa = PBXFileReference; lastKnownFileType = sourcecode.c.objc; path = main.m; sourceTree = "<group>"; };
		84A583081A9F5812006B5EE6 /* AppDelegate.h */ = {isa = PBXFileReference; lastKnownFileType = sourcecode.c.h; path = AppDelegate.h; sourceTree = "<group>"; };
		84A583091A9F5812006B5EE6 /* AppDelegate.m */ = {isa = PBXFileReference; lastKnownFileType = sourcecode.c.objc; path = AppDelegate.m; sourceTree = "<group>"; };
		84A5830B1A9F5812006B5EE6 /* ViewController.h */ = {isa = PBXFileReference; lastKnownFileType = sourcecode.c.h; path = ViewController.h; sourceTree = "<group>"; };
		84A5830C1A9F5812006B5EE6 /* ViewController.m */ = {isa = PBXFileReference; lastKnownFileType = sourcecode.c.objc; path = ViewController.m; sourceTree = "<group>"; };
		84A5830F1A9F5812006B5EE6 /* Base */ = {isa = PBXFileReference; lastKnownFileType = file.storyboard; name = Base; path = Base.lproj/Main.storyboard; sourceTree = "<group>"; };
		84A583111A9F5812006B5EE6 /* Images.xcassets */ = {isa = PBXFileReference; lastKnownFileType = folder.assetcatalog; path = Images.xcassets; sourceTree = "<group>"; };
		84A583141A9F5812006B5EE6 /* Base */ = {isa = PBXFileReference; lastKnownFileType = file.xib; name = Base; path = Base.lproj/LaunchScreen.xib; sourceTree = "<group>"; };
		84A5831A1A9F5812006B5EE6 /* MonumentMapTests.xctest */ = {isa = PBXFileReference; explicitFileType = wrapper.cfbundle; includeInIndex = 0; path = MonumentMapTests.xctest; sourceTree = BUILT_PRODUCTS_DIR; };
		84A5831F1A9F5812006B5EE6 /* Info.plist */ = {isa = PBXFileReference; lastKnownFileType = text.plist.xml; path = Info.plist; sourceTree = "<group>"; };
		84A583201A9F5812006B5EE6 /* MonumentMapTests.m */ = {isa = PBXFileReference; lastKnownFileType = sourcecode.c.objc; path = MonumentMapTests.m; sourceTree = "<group>"; };
/* End PBXFileReference section */

/* Begin PBXFrameworksBuildPhase section */
		84A582FE1A9F5812006B5EE6 /* Frameworks */ = {
			isa = PBXFrameworksBuildPhase;
			buildActionMask = 2147483647;
			files = (
			);
			runOnlyForDeploymentPostprocessing = 0;
		};
		84A583171A9F5812006B5EE6 /* Frameworks */ = {
			isa = PBXFrameworksBuildPhase;
			buildActionMask = 2147483647;
			files = (
			);
			runOnlyForDeploymentPostprocessing = 0;
		};
/* End PBXFrameworksBuildPhase section */

/* Begin PBXGroup section */
		84A582F81A9F5812006B5EE6 = {
			isa = PBXGroup;
			children = (
				84A583031A9F5812006B5EE6 /* MonumentMap */,
				84A5831D1A9F5812006B5EE6 /* MonumentMapTests */,
				84A583021A9F5812006B5EE6 /* Products */,
			);
			sourceTree = "<group>";
		};
		84A583021A9F5812006B5EE6 /* Products */ = {
			isa = PBXGroup;
			children = (
				84A583011A9F5812006B5EE6 /* MonumentMap.app */,
				84A5831A1A9F5812006B5EE6 /* MonumentMapTests.xctest */,
			);
			name = Products;
			sourceTree = "<group>";
		};
		84A583031A9F5812006B5EE6 /* MonumentMap */ = {
			isa = PBXGroup;
			children = (
				84A583081A9F5812006B5EE6 /* AppDelegate.h */,
				84A583091A9F5812006B5EE6 /* AppDelegate.m */,
				84A5830B1A9F5812006B5EE6 /* ViewController.h */,
				84A5830C1A9F5812006B5EE6 /* ViewController.m */,
				84A5830E1A9F5812006B5EE6 /* Main.storyboard */,
				84A583111A9F5812006B5EE6 /* Images.xcassets */,
				84A583131A9F5812006B5EE6 /* LaunchScreen.xib */,
				84A583041A9F5812006B5EE6 /* Supporting Files */,
			);
			path = MonumentMap;
			sourceTree = "<group>";
		};
		84A583041A9F5812006B5EE6 /* Supporting Files */ = {
			isa = PBXGroup;
			children = (
				84A583051A9F5812006B5EE6 /* Info.plist */,
				84A583061A9F5812006B5EE6 /* main.m */,
			);
			name = "Supporting Files";
			sourceTree = "<group>";
		};
		84A5831D1A9F5812006B5EE6 /* MonumentMapTests */ = {
			isa = PBXGroup;
			children = (
				84A583201A9F5812006B5EE6 /* MonumentMapTests.m */,
				84A5831E1A9F5812006B5EE6 /* Supporting Files */,
			);
			path = MonumentMapTests;
			sourceTree = "<group>";
		};
		84A5831E1A9F5812006B5EE6 /* Supporting Files */ = {
			isa = PBXGroup;
			children = (
				84A5831F1A9F5812006B5EE6 /* Info.plist */,
			);
			name = "Supporting Files";
			sourceTree = "<group>";
		};
/* End PBXGroup section */

/* Begin PBXNativeTarget section */
		84A583001A9F5812006B5EE6 /* MonumentMap */ = {
			isa = PBXNativeTarget;
			buildConfigurationList = 84A583241A9F5812006B5EE6 /* Build configuration list for PBXNativeTarget "MonumentMap" */;
			buildPhases = (
				84A582FD1A9F5812006B5EE6 /* Sources */,
				84A582FE1A9F5812006B5EE6 /* Frameworks */,
				84A582FF1A9F5812006B5EE6 /* Resources */,
			);
			buildRules = (
			);
			dependencies = (
			);
			name = MonumentMap;
			productName = MonumentMap;
			productReference = 84A583011A9F5812006B5EE6 /* MonumentMap.app */;
			productType = "com.apple.product-type.application";
		};
		84A583191A9F5812006B5EE6 /* MonumentMapTests */ = {
			isa = PBXNativeTarget;
			buildConfigurationList = 84A583271A9F5812006B5EE6 /* Build configuration list for PBXNativeTarget "MonumentMapTests" */;
			buildPhases = (
				84A583161A9F5812006B5EE6 /* Sources */,
				84A583171A9F5812006B5EE6 /* Frameworks */,
				84A583181A9F5812006B5EE6 /* Resources */,
			);
			buildRules = (
			);
			dependencies = (
				84A5831C1A9F5812006B5EE6 /* PBXTargetDependency */,
			);
			name = MonumentMapTests;
			productName = MonumentMapTests;
			productReference = 84A5831A1A9F5812006B5EE6 /* MonumentMapTests.xctest */;
			productType = "com.apple.product-type.bundle.unit-test";
		};
/* End PBXNativeTarget section */

/* Begin PBXProject section */
		84A582F91A9F5812006B5EE6 /* Project object */ = {
			isa = PBXProject;
			attributes = {
				LastUpgradeCheck = 0610;
				ORGANIZATIONNAME = "Andrew Medvedev";
				TargetAttributes = {
					84A583001A9F5812006B5EE6 = {
						CreatedOnToolsVersion = 6.1.1;
					};
					84A583191A9F5812006B5EE6 = {
						CreatedOnToolsVersion = 6.1.1;
						TestTargetID = 84A583001A9F5812006B5EE6;
					};
				};
			};
			buildConfigurationList = 84A582FC1A9F5812006B5EE6 /* Build configuration list for PBXProject "MonumentMap" */;
			compatibilityVersion = "Xcode 3.2";
			developmentRegion = English;
			hasScannedForEncodings = 0;
			knownRegions = (
				en,
				Base,
			);
			mainGroup = 84A582F81A9F5812006B5EE6;
			productRefGroup = 84A583021A9F5812006B5EE6 /* Products */;
			projectDirPath = "";
			projectRoot = "";
			targets = (
				84A583001A9F5812006B5EE6 /* MonumentMap */,
				84A583191A9F5812006B5EE6 /* MonumentMapTests */,
			);
		};
/* End PBXProject section */

/* Begin PBXResourcesBuildPhase section */
		84A582FF1A9F5812006B5EE6 /* Resources */ = {
			isa = PBXResourcesBuildPhase;
			buildActionMask = 2147483647;
			files = (
				84A583101A9F5812006B5EE6 /* Main.storyboard in Resources */,
				84A583151A9F5812006B5EE6 /* LaunchScreen.xib in Resources */,
				84A583121A9F5812006B5EE6 /* Images.xcassets in Resources */,
			);
			runOnlyForDeploymentPostprocessing = 0;
		};
		84A583181A9F5812006B5EE6 /* Resources */ = {
			isa = PBXResourcesBuildPhase;
			buildActionMask = 2147483647;
			files = (
			);
			runOnlyForDeploymentPostprocessing = 0;
		};
/* End PBXResourcesBuildPhase section */

/* Begin PBXSourcesBuildPhase section */
		84A582FD1A9F5812006B5EE6 /* Sources */ = {
			isa = PBXSourcesBuildPhase;
			buildActionMask = 2147483647;
			files = (
				84A5830D1A9F5812006B5EE6 /* ViewController.m in Sources */,
				84A5830A1A9F5812006B5EE6 /* AppDelegate.m in Sources */,
				84A583071A9F5812006B5EE6 /* main.m in Sources */,
			);
			runOnlyForDeploymentPostprocessing = 0;
		};
		84A583161A9F5812006B5EE6 /* Sources */ = {
			isa = PBXSourcesBuildPhase;
			buildActionMask = 2147483647;
			files = (
				84A583211A9F5812006B5EE6 /* MonumentMapTests.m in Sources */,
			);
			runOnlyForDeploymentPostprocessing = 0;
		};
/* End PBXSourcesBuildPhase section */

/* Begin PBXTargetDependency section */
		84A5831C1A9F5812006B5EE6 /* PBXTargetDependency */ = {
			isa = PBXTargetDependency;
			target = 84A583001A9F5812006B5EE6 /* MonumentMap */;
			targetProxy = 84A5831B1A9F5812006B5EE6 /* PBXContainerItemProxy */;
		};
/* End PBXTargetDependency section */

/* Begin PBXVariantGroup section */
		84A5830E1A9F5812006B5EE6 /* Main.storyboard */ = {
			isa = PBXVariantGroup;
			children = (
				84A5830F1A9F5812006B5EE6 /* Base */,
			);
			name = Main.storyboard;
			sourceTree = "<group>";
		};
		84A583131A9F5812006B5EE6 /* LaunchScreen.xib */ = {
			isa = PBXVariantGroup;
			children = (
				84A583141A9F5812006B5EE6 /* Base */,
			);
			name = LaunchScreen.xib;
			sourceTree = "<group>";
		};
/* End PBXVariantGroup section */

/* Begin XCBuildConfiguration section */
		84A583221A9F5812006B5EE6 /* Debug */ = {
			isa = XCBuildConfiguration;
			buildSettings = {
				ALWAYS_SEARCH_USER_PATHS = NO;
				CLANG_CXX_LANGUAGE_STANDARD = "gnu++0x";
				CLANG_CXX_LIBRARY = "libc++";
				CLANG_ENABLE_MODULES = YES;
				CLANG_ENABLE_OBJC_ARC = YES;
				CLANG_WARN_BOOL_CONVERSION = YES;
				CLANG_WARN_CONSTANT_CONVERSION = YES;
				CLANG_WARN_DIRECT_OBJC_ISA_USAGE = YES_ERROR;
				CLANG_WARN_EMPTY_BODY = YES;
				CLANG_WARN_ENUM_CONVERSION = YES;
				CLANG_WARN_INT_CONVERSION = YES;
				CLANG_WARN_OBJC_ROOT_CLASS = YES_ERROR;
				CLANG_WARN_UNREACHABLE_CODE = YES;
				CLANG_WARN__DUPLICATE_METHOD_MATCH = YES;
				"CODE_SIGN_IDENTITY[sdk=iphoneos*]" = "iPhone Developer";
				COPY_PHASE_STRIP = NO;
				ENABLE_STRICT_OBJC_MSGSEND = YES;
				GCC_C_LANGUAGE_STANDARD = gnu99;
				GCC_DYNAMIC_NO_PIC = NO;
				GCC_OPTIMIZATION_LEVEL = 0;
				GCC_PREPROCESSOR_DEFINITIONS = (
					"DEBUG=1",
					"$(inherited)",
				);
				GCC_SYMBOLS_PRIVATE_EXTERN = NO;
				GCC_WARN_64_TO_32_BIT_CONVERSION = YES;
				GCC_WARN_ABOUT_RETURN_TYPE = YES_ERROR;
				GCC_WARN_UNDECLARED_SELECTOR = YES;
				GCC_WARN_UNINITIALIZED_AUTOS = YES_AGGRESSIVE;
				GCC_WARN_UNUSED_FUNCTION = YES;
				GCC_WARN_UNUSED_VARIABLE = YES;
				IPHONEOS_DEPLOYMENT_TARGET = 8.1;
				MTL_ENABLE_DEBUG_INFO = YES;
				ONLY_ACTIVE_ARCH = YES;
				SDKROOT = iphoneos;
			};
			name = Debug;
		};
		84A583231A9F5812006B5EE6 /* Release */ = {
			isa = XCBuildConfiguration;
			buildSettings = {
				ALWAYS_SEARCH_USER_PATHS = NO;
				CLANG_CXX_LANGUAGE_STANDARD = "gnu++0x";
				CLANG_CXX_LIBRARY = "libc++";
				CLANG_ENABLE_MODULES = YES;
				CLANG_ENABLE_OBJC_ARC = YES;
				CLANG_WARN_BOOL_CONVERSION = YES;
				CLANG_WARN_CONSTANT_CONVERSION = YES;
				CLANG_WARN_DIRECT_OBJC_ISA_USAGE = YES_ERROR;
				CLANG_WARN_EMPTY_BODY = YES;
				CLANG_WARN_ENUM_CONVERSION = YES;
				CLANG_WARN_INT_CONVERSION = YES;
				CLANG_WARN_OBJC_ROOT_CLASS = YES_ERROR;
				CLANG_WARN_UNREACHABLE_CODE = YES;
				CLANG_WARN__DUPLICATE_METHOD_MATCH = YES;
				"CODE_SIGN_IDENTITY[sdk=iphoneos*]" = "iPhone Developer";
				COPY_PHASE_STRIP = YES;
				ENABLE_NS_ASSERTIONS = NO;
				ENABLE_STRICT_OBJC_MSGSEND = YES;
				GCC_C_LANGUAGE_STANDARD = gnu99;
				GCC_WARN_64_TO_32_BIT_CONVERSION = YES;
				GCC_WARN_ABOUT_RETURN_TYPE = YES_ERROR;
				GCC_WARN_UNDECLARED_SELECTOR = YES;
				GCC_WARN_UNINITIALIZED_AUTOS = YES_AGGRESSIVE;
				GCC_WARN_UNUSED_FUNCTION = YES;
				GCC_WARN_UNUSED_VARIABLE = YES;
				IPHONEOS_DEPLOYMENT_TARGET = 8.1;
				MTL_ENABLE_DEBUG_INFO = NO;
				SDKROOT = iphoneos;
				VALIDATE_PRODUCT = YES;
			};
			name = Release;
		};
		84A583251A9F5812006B5EE6 /* Debug */ = {
			isa = XCBuildConfiguration;
			buildSettings = {
				ASSETCATALOG_COMPILER_APPICON_NAME = AppIcon;
				INFOPLIST_FILE = MonumentMap/Info.plist;
				LD_RUNPATH_SEARCH_PATHS = "$(inherited) @executable_path/Frameworks";
				PRODUCT_NAME = "$(TARGET_NAME)";
			};
			name = Debug;
		};
		84A583261A9F5812006B5EE6 /* Release */ = {
			isa = XCBuildConfiguration;
			buildSettings = {
				ASSETCATALOG_COMPILER_APPICON_NAME = AppIcon;
				INFOPLIST_FILE = MonumentMap/Info.plist;
				LD_RUNPATH_SEARCH_PATHS = "$(inherited) @executable_path/Frameworks";
				PRODUCT_NAME = "$(TARGET_NAME)";
			};
			name = Release;
		};
		84A583281A9F5812006B5EE6 /* Debug */ = {
			isa = XCBuildConfiguration;
			buildSettings = {
				BUNDLE_LOADER = "$(TEST_HOST)";
				FRAMEWORK_SEARCH_PATHS = (
					"$(SDKROOT)/Developer/Library/Frameworks",
					"$(inherited)",
				);
				GCC_PREPROCESSOR_DEFINITIONS = (
					"DEBUG=1",
					"$(inherited)",
				);
				INFOPLIST_FILE = MonumentMapTests/Info.plist;
				LD_RUNPATH_SEARCH_PATHS = "$(inherited) @executable_path/Frameworks @loader_path/Frameworks";
				PRODUCT_NAME = "$(TARGET_NAME)";
				TEST_HOST = "$(BUILT_PRODUCTS_DIR)/MonumentMap.app/MonumentMap";
			};
			name = Debug;
		};
		84A583291A9F5812006B5EE6 /* Release */ = {
			isa = XCBuildConfiguration;
			buildSettings = {
				BUNDLE_LOADER = "$(TEST_HOST)";
				FRAMEWORK_SEARCH_PATHS = (
					"$(SDKROOT)/Developer/Library/Frameworks",
					"$(inherited)",
				);
				INFOPLIST_FILE = MonumentMapTests/Info.plist;
				LD_RUNPATH_SEARCH_PATHS = "$(inherited) @executable_path/Frameworks @loader_path/Frameworks";
				PRODUCT_NAME = "$(TARGET_NAME)";
				TEST_HOST = "$(BUILT_PRODUCTS_DIR)/MonumentMap.app/MonumentMap";
			};
			name = Release;
		};
/* End XCBuildConfiguration section */

/* Begin XCConfigurationList section */
		84A582FC1A9F5812006B5EE6 /* Build configuration list for PBXProject "MonumentMap" */ = {
			isa = XCConfigurationList;
			buildConfigurations = (
				84A583221A9F5812006B5EE6 /* Debug */,
				84A583231A9F5812006B5EE6 /* Release */,
			);
			defaultConfigurationIsVisible = 0;
			defaultConfigurationName = Release;
		};
		84A583241A9F5812006B5EE6 /* Build configuration list for PBXNativeTarget "MonumentMap" */ = {
			isa = XCConfigurationList;
			buildConfigurations = (
				84A583251A9F5812006B5EE6 /* Debug */,
				84A583261A9F5812006B5EE6 /* Release */,
			);
			defaultConfigurationIsVisible = 0;
		};
		84A583271A9F5812006B5EE6 /* Build configuration list for PBXNativeTarget "MonumentMapTests" */ = {
			isa = XCConfigurationList;
			buildConfigurations = (
				84A583281A9F5812006B5EE6 /* Debug */,
				84A583291A9F5812006B5EE6 /* Release */,
			);
			defaultConfigurationIsVisible = 0;
		};
/* End XCConfigurationList section */
	};
	rootObject = 84A582F91A9F5812006B5EE6 /* Project object */;
}
