// !$*UTF8*$!
{
	archiveVersion = 1;
	classes = {
	};
	objectVersion = 46;
	objects = {

/* Begin PBXBuildFile section */
		849F6AF11AA6059F00D77F2D /* Annotation.m in Sources */ = {isa = PBXBuildFile; fileRef = 849F6AF01AA6059F00D77F2D /* Annotation.m */; };
		84A583071A9F5812006B5EE6 /* main.m in Sources */ = {isa = PBXBuildFile; fileRef = 84A583061A9F5812006B5EE6 /* main.m */; };
		84A5830A1A9F5812006B5EE6 /* AppDelegate.m in Sources */ = {isa = PBXBuildFile; fileRef = 84A583091A9F5812006B5EE6 /* AppDelegate.m */; };
		84A5830D1A9F5812006B5EE6 /* ViewController.m in Sources */ = {isa = PBXBuildFile; fileRef = 84A5830C1A9F5812006B5EE6 /* ViewController.m */; };
		84A583101A9F5812006B5EE6 /* Main.storyboard in Resources */ = {isa = PBXBuildFile; fileRef = 84A5830E1A9F5812006B5EE6 /* Main.storyboard */; };
		84A583121A9F5812006B5EE6 /* Images.xcassets in Resources */ = {isa = PBXBuildFile; fileRef = 84A583111A9F5812006B5EE6 /* Images.xcassets */; };
		84A583151A9F5812006B5EE6 /* LaunchScreen.xib in Resources */ = {isa = PBXBuildFile; fileRef = 84A583131A9F5812006B5EE6 /* LaunchScreen.xib */; };
		84A9209C1AA304F1009BE61B /* DetailViewController.m in Sources */ = {isa = PBXBuildFile; fileRef = 84A9209B1AA304F1009BE61B /* DetailViewController.m */; };
		84A920A01AA31C8B009BE61B /* notebook@2x.png in Resources */ = {isa = PBXBuildFile; fileRef = 84A9209E1AA31C8B009BE61B /* notebook@2x.png */; };
		84A920A11AA31C8B009BE61B /* signpost@2x.png in Resources */ = {isa = PBXBuildFile; fileRef = 84A9209F1AA31C8B009BE61B /* signpost@2x.png */; };
		84A920A31AA31F3F009BE61B /* UIKit.framework in Frameworks */ = {isa = PBXBuildFile; fileRef = 84A920A21AA31F3F009BE61B /* UIKit.framework */; };
		84A920A51AA31F46009BE61B /* CoreGraphics.framework in Frameworks */ = {isa = PBXBuildFile; fileRef = 84A920A41AA31F46009BE61B /* CoreGraphics.framework */; };
		84A920A71AA31F51009BE61B /* MapKit.framework in Frameworks */ = {isa = PBXBuildFile; fileRef = 84A920A61AA31F51009BE61B /* MapKit.framework */; };
		84A920AA1AA32195009BE61B /* MapViewController.m in Sources */ = {isa = PBXBuildFile; fileRef = 84A920A91AA32195009BE61B /* MapViewController.m */; };
		84A920AD1AA32AD5009BE61B /* Pin.m in Sources */ = {isa = PBXBuildFile; fileRef = 84A920AC1AA32AD5009BE61B /* Pin.m */; };
		84A920B01AA3319B009BE61B /* DataBase.m in Sources */ = {isa = PBXBuildFile; fileRef = 84A920AF1AA3319B009BE61B /* DataBase.m */; };
		84B0218E1A9FAE7D0042A5D0 /* DataModel.m in Sources */ = {isa = PBXBuildFile; fileRef = 84B0218D1A9FAE7D0042A5D0 /* DataModel.m */; };
		84B021911A9FB9360042A5D0 /* SystemConfiguration.framework in Frameworks */ = {isa = PBXBuildFile; fileRef = 84B021901A9FB9360042A5D0 /* SystemConfiguration.framework */; };
		84B021941A9FBDE10042A5D0 /* UICell.m in Sources */ = {isa = PBXBuildFile; fileRef = 84B021931A9FBDE10042A5D0 /* UICell.m */; };
		84B0219A1A9FC1B40042A5D0 /* JSONKeyMapper.m in Sources */ = {isa = PBXBuildFile; fileRef = 84B021971A9FC1B40042A5D0 /* JSONKeyMapper.m */; };
		84B0219B1A9FC1B40042A5D0 /* JSONValueTransformer.m in Sources */ = {isa = PBXBuildFile; fileRef = 84B021991A9FC1B40042A5D0 /* JSONValueTransformer.m */; };
		84B021A51A9FC2330042A5D0 /* JSONModel.m in Sources */ = {isa = PBXBuildFile; fileRef = 84B0219E1A9FC2330042A5D0 /* JSONModel.m */; };
		84B021A61A9FC2330042A5D0 /* JSONModelArray.m in Sources */ = {isa = PBXBuildFile; fileRef = 84B021A01A9FC2330042A5D0 /* JSONModelArray.m */; };
		84B021A71A9FC2330042A5D0 /* JSONModelClassProperty.m in Sources */ = {isa = PBXBuildFile; fileRef = 84B021A21A9FC2330042A5D0 /* JSONModelClassProperty.m */; };
		84B021A81A9FC2330042A5D0 /* JSONModelError.m in Sources */ = {isa = PBXBuildFile; fileRef = 84B021A41A9FC2330042A5D0 /* JSONModelError.m */; };
/* End PBXBuildFile section */

/* Begin PBXFileReference section */
		849F6AEF1AA6059F00D77F2D /* Annotation.h */ = {isa = PBXFileReference; fileEncoding = 4; lastKnownFileType = sourcecode.c.h; path = Annotation.h; sourceTree = "<group>"; };
		849F6AF01AA6059F00D77F2D /* Annotation.m */ = {isa = PBXFileReference; fileEncoding = 4; lastKnownFileType = sourcecode.c.objc; path = Annotation.m; sourceTree = "<group>"; };
		84A583011A9F5812006B5EE6 /* MonumentMap.app */ = {isa = PBXFileReference; explicitFileType = wrapper.application; includeInIndex = 0; path = MonumentMap.app; sourceTree = BUILT_PRODUCTS_DIR; };
		84A583051A9F5812006B5EE6 /* Info.plist */ = {isa = PBXFileReference; lastKnownFileType = text.plist.xml; path = Info.plist; sourceTree = "<group>"; };
		84A583061A9F5812006B5EE6 /* main.m */ = {isa = PBXFileReference; lastKnownFileType = sourcecode.c.objc; path = main.m; sourceTree = "<group>"; };
		84A583081A9F5812006B5EE6 /* AppDelegate.h */ = {isa = PBXFileReference; lastKnownFileType = sourcecode.c.h; path = AppDelegate.h; sourceTree = "<group>"; };
		84A583091A9F5812006B5EE6 /* AppDelegate.m */ = {isa = PBXFileReference; lastKnownFileType = sourcecode.c.objc; path = AppDelegate.m; sourceTree = "<group>"; };
		84A5830B1A9F5812006B5EE6 /* ViewController.h */ = {isa = PBXFileReference; lastKnownFileType = sourcecode.c.h; path = ViewController.h; sourceTree = "<group>"; };
		84A5830C1A9F5812006B5EE6 /* ViewController.m */ = {isa = PBXFileReference; lastKnownFileType = sourcecode.c.objc; path = ViewController.m; sourceTree = "<group>"; };
		84A5830F1A9F5812006B5EE6 /* Base */ = {isa = PBXFileReference; lastKnownFileType = file.storyboard; name = Base; path = Base.lproj/Main.storyboard; sourceTree = "<group>"; };
		84A583111A9F5812006B5EE6 /* Images.xcassets */ = {isa = PBXFileReference; lastKnownFileType = folder.assetcatalog; path = Images.xcassets; sourceTree = "<group>"; };
		84A583141A9F5812006B5EE6 /* Base */ = {isa = PBXFileReference; lastKnownFileType = file.xib; name = Base; path = Base.lproj/LaunchScreen.xib; sourceTree = "<group>"; };
		84A9209A1AA304F1009BE61B /* DetailViewController.h */ = {isa = PBXFileReference; fileEncoding = 4; lastKnownFileType = sourcecode.c.h; path = DetailViewController.h; sourceTree = "<group>"; };
		84A9209B1AA304F1009BE61B /* DetailViewController.m */ = {isa = PBXFileReference; fileEncoding = 4; lastKnownFileType = sourcecode.c.objc; path = DetailViewController.m; sourceTree = "<group>"; };
		84A9209E1AA31C8B009BE61B /* notebook@2x.png */ = {isa = PBXFileReference; lastKnownFileType = image.png; name = "notebook@2x.png"; path = "img/notebook@2x.png"; sourceTree = "<group>"; };
		84A9209F1AA31C8B009BE61B /* signpost@2x.png */ = {isa = PBXFileReference; lastKnownFileType = image.png; name = "signpost@2x.png"; path = "img/signpost@2x.png"; sourceTree = "<group>"; };
		84A920A21AA31F3F009BE61B /* UIKit.framework */ = {isa = PBXFileReference; lastKnownFileType = wrapper.framework; name = UIKit.framework; path = System/Library/Frameworks/UIKit.framework; sourceTree = SDKROOT; };
		84A920A41AA31F46009BE61B /* CoreGraphics.framework */ = {isa = PBXFileReference; lastKnownFileType = wrapper.framework; name = CoreGraphics.framework; path = System/Library/Frameworks/CoreGraphics.framework; sourceTree = SDKROOT; };
		84A920A61AA31F51009BE61B /* MapKit.framework */ = {isa = PBXFileReference; lastKnownFileType = wrapper.framework; name = MapKit.framework; path = System/Library/Frameworks/MapKit.framework; sourceTree = SDKROOT; };
		84A920A81AA32195009BE61B /* MapViewController.h */ = {isa = PBXFileReference; fileEncoding = 4; lastKnownFileType = sourcecode.c.h; path = MapViewController.h; sourceTree = "<group>"; };
		84A920A91AA32195009BE61B /* MapViewController.m */ = {isa = PBXFileReference; fileEncoding = 4; lastKnownFileType = sourcecode.c.objc; path = MapViewController.m; sourceTree = "<group>"; };
		84A920AB1AA32AD5009BE61B /* Pin.h */ = {isa = PBXFileReference; fileEncoding = 4; lastKnownFileType = sourcecode.c.h; path = Pin.h; sourceTree = "<group>"; };
		84A920AC1AA32AD5009BE61B /* Pin.m */ = {isa = PBXFileReference; fileEncoding = 4; lastKnownFileType = sourcecode.c.objc; path = Pin.m; sourceTree = "<group>"; };
		84A920AE1AA3319A009BE61B /* DataBase.h */ = {isa = PBXFileReference; fileEncoding = 4; lastKnownFileType = sourcecode.c.h; path = DataBase.h; sourceTree = "<group>"; };
		84A920AF1AA3319B009BE61B /* DataBase.m */ = {isa = PBXFileReference; fileEncoding = 4; lastKnownFileType = sourcecode.c.objc; path = DataBase.m; sourceTree = "<group>"; };
		84B0218C1A9FAE7D0042A5D0 /* DataModel.h */ = {isa = PBXFileReference; fileEncoding = 4; lastKnownFileType = sourcecode.c.h; path = DataModel.h; sourceTree = "<group>"; };
		84B0218D1A9FAE7D0042A5D0 /* DataModel.m */ = {isa = PBXFileReference; fileEncoding = 4; lastKnownFileType = sourcecode.c.objc; path = DataModel.m; sourceTree = "<group>"; };
		84B021901A9FB9360042A5D0 /* SystemConfiguration.framework */ = {isa = PBXFileReference; lastKnownFileType = wrapper.framework; name = SystemConfiguration.framework; path = System/Library/Frameworks/SystemConfiguration.framework; sourceTree = SDKROOT; };
		84B021921A9FBDE10042A5D0 /* UICell.h */ = {isa = PBXFileReference; fileEncoding = 4; lastKnownFileType = sourcecode.c.h; path = UICell.h; sourceTree = "<group>"; };
		84B021931A9FBDE10042A5D0 /* UICell.m */ = {isa = PBXFileReference; fileEncoding = 4; lastKnownFileType = sourcecode.c.objc; path = UICell.m; sourceTree = "<group>"; };
		84B021961A9FC1B40042A5D0 /* JSONKeyMapper.h */ = {isa = PBXFileReference; fileEncoding = 4; lastKnownFileType = sourcecode.c.h; path = JSONKeyMapper.h; sourceTree = "<group>"; };
		84B021971A9FC1B40042A5D0 /* JSONKeyMapper.m */ = {isa = PBXFileReference; fileEncoding = 4; lastKnownFileType = sourcecode.c.objc; path = JSONKeyMapper.m; sourceTree = "<group>"; };
		84B021981A9FC1B40042A5D0 /* JSONValueTransformer.h */ = {isa = PBXFileReference; fileEncoding = 4; lastKnownFileType = sourcecode.c.h; path = JSONValueTransformer.h; sourceTree = "<group>"; };
		84B021991A9FC1B40042A5D0 /* JSONValueTransformer.m */ = {isa = PBXFileReference; fileEncoding = 4; lastKnownFileType = sourcecode.c.objc; path = JSONValueTransformer.m; sourceTree = "<group>"; };
		84B0219D1A9FC2330042A5D0 /* JSONModel.h */ = {isa = PBXFileReference; fileEncoding = 4; lastKnownFileType = sourcecode.c.h; path = JSONModel.h; sourceTree = "<group>"; };
		84B0219E1A9FC2330042A5D0 /* JSONModel.m */ = {isa = PBXFileReference; fileEncoding = 4; lastKnownFileType = sourcecode.c.objc; path = JSONModel.m; sourceTree = "<group>"; };
		84B0219F1A9FC2330042A5D0 /* JSONModelArray.h */ = {isa = PBXFileReference; fileEncoding = 4; lastKnownFileType = sourcecode.c.h; path = JSONModelArray.h; sourceTree = "<group>"; };
		84B021A01A9FC2330042A5D0 /* JSONModelArray.m */ = {isa = PBXFileReference; fileEncoding = 4; lastKnownFileType = sourcecode.c.objc; path = JSONModelArray.m; sourceTree = "<group>"; };
		84B021A11A9FC2330042A5D0 /* JSONModelClassProperty.h */ = {isa = PBXFileReference; fileEncoding = 4; lastKnownFileType = sourcecode.c.h; path = JSONModelClassProperty.h; sourceTree = "<group>"; };
		84B021A21A9FC2330042A5D0 /* JSONModelClassProperty.m */ = {isa = PBXFileReference; fileEncoding = 4; lastKnownFileType = sourcecode.c.objc; path = JSONModelClassProperty.m; sourceTree = "<group>"; };
		84B021A31A9FC2330042A5D0 /* JSONModelError.h */ = {isa = PBXFileReference; fileEncoding = 4; lastKnownFileType = sourcecode.c.h; path = JSONModelError.h; sourceTree = "<group>"; };
		84B021A41A9FC2330042A5D0 /* JSONModelError.m */ = {isa = PBXFileReference; fileEncoding = 4; lastKnownFileType = sourcecode.c.objc; path = JSONModelError.m; sourceTree = "<group>"; };
/* End PBXFileReference section */

/* Begin PBXFrameworksBuildPhase section */
		84A582FE1A9F5812006B5EE6 /* Frameworks */ = {
			isa = PBXFrameworksBuildPhase;
			buildActionMask = 2147483647;
			files = (
				84A920A71AA31F51009BE61B /* MapKit.framework in Frameworks */,
				84A920A51AA31F46009BE61B /* CoreGraphics.framework in Frameworks */,
				84A920A31AA31F3F009BE61B /* UIKit.framework in Frameworks */,
				84B021911A9FB9360042A5D0 /* SystemConfiguration.framework in Frameworks */,
			);
			runOnlyForDeploymentPostprocessing = 0;
		};
/* End PBXFrameworksBuildPhase section */

/* Begin PBXGroup section */
		84A582F81A9F5812006B5EE6 = {
			isa = PBXGroup;
			children = (
				84A5830E1A9F5812006B5EE6 /* Main.storyboard */,
				84A583131A9F5812006B5EE6 /* LaunchScreen.xib */,
				84A583031A9F5812006B5EE6 /* MonumentMap */,
				84A583021A9F5812006B5EE6 /* Products */,
				84A583041A9F5812006B5EE6 /* Supporting Files */,
			);
			sourceTree = "<group>";
		};
		84A583021A9F5812006B5EE6 /* Products */ = {
			isa = PBXGroup;
			children = (
				84A583011A9F5812006B5EE6 /* MonumentMap.app */,
			);
			name = Products;
			sourceTree = "<group>";
		};
		84A583031A9F5812006B5EE6 /* MonumentMap */ = {
			isa = PBXGroup;
			children = (
				84B0218F1A9FB6E70042A5D0 /* Common */,
				84A5830B1A9F5812006B5EE6 /* ViewController.h */,
				84A5830C1A9F5812006B5EE6 /* ViewController.m */,
				84A9209A1AA304F1009BE61B /* DetailViewController.h */,
				84A9209B1AA304F1009BE61B /* DetailViewController.m */,
				84A920A81AA32195009BE61B /* MapViewController.h */,
				84A920A91AA32195009BE61B /* MapViewController.m */,
			);
			path = MonumentMap;
			sourceTree = "<group>";
		};
		84A583041A9F5812006B5EE6 /* Supporting Files */ = {
			isa = PBXGroup;
			children = (
				84A920A61AA31F51009BE61B /* MapKit.framework */,
				84A920A41AA31F46009BE61B /* CoreGraphics.framework */,
				84A920A21AA31F3F009BE61B /* UIKit.framework */,
				84A9209D1AA31C7E009BE61B /* img */,
				84B021901A9FB9360042A5D0 /* SystemConfiguration.framework */,
				84B0219C1A9FC2330042A5D0 /* JSONModel */,
				84B021951A9FC1B40042A5D0 /* JSONModelTransformations */,
				84A583081A9F5812006B5EE6 /* AppDelegate.h */,
				84A583091A9F5812006B5EE6 /* AppDelegate.m */,
				84A583111A9F5812006B5EE6 /* Images.xcassets */,
				84A583051A9F5812006B5EE6 /* Info.plist */,
				84A583061A9F5812006B5EE6 /* main.m */,
			);
			name = "Supporting Files";
			path = MonumentMap;
			sourceTree = "<group>";
		};
		84A9209D1AA31C7E009BE61B /* img */ = {
			isa = PBXGroup;
			children = (
				84A9209E1AA31C8B009BE61B /* notebook@2x.png */,
				84A9209F1AA31C8B009BE61B /* signpost@2x.png */,
			);
			name = img;
			sourceTree = "<group>";
		};
		84B0218F1A9FB6E70042A5D0 /* Common */ = {
			isa = PBXGroup;
			children = (
				84B021921A9FBDE10042A5D0 /* UICell.h */,
				84B021931A9FBDE10042A5D0 /* UICell.m */,
				84B0218C1A9FAE7D0042A5D0 /* DataModel.h */,
				84B0218D1A9FAE7D0042A5D0 /* DataModel.m */,
				84A920AB1AA32AD5009BE61B /* Pin.h */,
				84A920AC1AA32AD5009BE61B /* Pin.m */,
				84A920AE1AA3319A009BE61B /* DataBase.h */,
				84A920AF1AA3319B009BE61B /* DataBase.m */,
				849F6AEF1AA6059F00D77F2D /* Annotation.h */,
				849F6AF01AA6059F00D77F2D /* Annotation.m */,
			);
			name = Common;
			sourceTree = "<group>";
		};
		84B021951A9FC1B40042A5D0 /* JSONModelTransformations */ = {
			isa = PBXGroup;
			children = (
				84B021961A9FC1B40042A5D0 /* JSONKeyMapper.h */,
				84B021971A9FC1B40042A5D0 /* JSONKeyMapper.m */,
				84B021981A9FC1B40042A5D0 /* JSONValueTransformer.h */,
				84B021991A9FC1B40042A5D0 /* JSONValueTransformer.m */,
			);
			path = JSONModelTransformations;
			sourceTree = "<group>";
		};
		84B0219C1A9FC2330042A5D0 /* JSONModel */ = {
			isa = PBXGroup;
			children = (
				84B0219D1A9FC2330042A5D0 /* JSONModel.h */,
				84B0219E1A9FC2330042A5D0 /* JSONModel.m */,
				84B0219F1A9FC2330042A5D0 /* JSONModelArray.h */,
				84B021A01A9FC2330042A5D0 /* JSONModelArray.m */,
				84B021A11A9FC2330042A5D0 /* JSONModelClassProperty.h */,
				84B021A21A9FC2330042A5D0 /* JSONModelClassProperty.m */,
				84B021A31A9FC2330042A5D0 /* JSONModelError.h */,
				84B021A41A9FC2330042A5D0 /* JSONModelError.m */,
			);
			path = JSONModel;
			sourceTree = "<group>";
		};
/* End PBXGroup section */

/* Begin PBXNativeTarget section */
		84A583001A9F5812006B5EE6 /* MonumentMap */ = {
			isa = PBXNativeTarget;
			buildConfigurationList = 84A583241A9F5812006B5EE6 /* Build configuration list for PBXNativeTarget "MonumentMap" */;
			buildPhases = (
				84A582FD1A9F5812006B5EE6 /* Sources */,
				84A582FE1A9F5812006B5EE6 /* Frameworks */,
				84A582FF1A9F5812006B5EE6 /* Resources */,
			);
			buildRules = (
			);
			dependencies = (
			);
			name = MonumentMap;
			productName = MonumentMap;
			productReference = 84A583011A9F5812006B5EE6 /* MonumentMap.app */;
			productType = "com.apple.product-type.application";
		};
/* End PBXNativeTarget section */

/* Begin PBXProject section */
		84A582F91A9F5812006B5EE6 /* Project object */ = {
			isa = PBXProject;
			attributes = {
				LastUpgradeCheck = 0610;
				ORGANIZATIONNAME = "Andrew Medvedev";
				TargetAttributes = {
					84A583001A9F5812006B5EE6 = {
						CreatedOnToolsVersion = 6.1.1;
					};
				};
			};
			buildConfigurationList = 84A582FC1A9F5812006B5EE6 /* Build configuration list for PBXProject "MonumentMap" */;
			compatibilityVersion = "Xcode 3.2";
			developmentRegion = English;
			hasScannedForEncodings = 0;
			knownRegions = (
				en,
				Base,
			);
			mainGroup = 84A582F81A9F5812006B5EE6;
			productRefGroup = 84A583021A9F5812006B5EE6 /* Products */;
			projectDirPath = "";
			projectRoot = "";
			targets = (
				84A583001A9F5812006B5EE6 /* MonumentMap */,
			);
		};
/* End PBXProject section */

/* Begin PBXResourcesBuildPhase section */
		84A582FF1A9F5812006B5EE6 /* Resources */ = {
			isa = PBXResourcesBuildPhase;
			buildActionMask = 2147483647;
			files = (
				84A583101A9F5812006B5EE6 /* Main.storyboard in Resources */,
				84A920A11AA31C8B009BE61B /* signpost@2x.png in Resources */,
				84A920A01AA31C8B009BE61B /* notebook@2x.png in Resources */,
				84A583151A9F5812006B5EE6 /* LaunchScreen.xib in Resources */,
				84A583121A9F5812006B5EE6 /* Images.xcassets in Resources */,
			);
			runOnlyForDeploymentPostprocessing = 0;
		};
/* End PBXResourcesBuildPhase section */

/* Begin PBXSourcesBuildPhase section */
		84A582FD1A9F5812006B5EE6 /* Sources */ = {
			isa = PBXSourcesBuildPhase;
			buildActionMask = 2147483647;
			files = (
				84B0219A1A9FC1B40042A5D0 /* JSONKeyMapper.m in Sources */,
				84B021A51A9FC2330042A5D0 /* JSONModel.m in Sources */,
				849F6AF11AA6059F00D77F2D /* Annotation.m in Sources */,
				84A5830D1A9F5812006B5EE6 /* ViewController.m in Sources */,
				84B021A61A9FC2330042A5D0 /* JSONModelArray.m in Sources */,
				84B0218E1A9FAE7D0042A5D0 /* DataModel.m in Sources */,
				84B021A81A9FC2330042A5D0 /* JSONModelError.m in Sources */,
				84A5830A1A9F5812006B5EE6 /* AppDelegate.m in Sources */,
				84A920AD1AA32AD5009BE61B /* Pin.m in Sources */,
				84A920AA1AA32195009BE61B /* MapViewController.m in Sources */,
				84B0219B1A9FC1B40042A5D0 /* JSONValueTransformer.m in Sources */,
				84B021A71A9FC2330042A5D0 /* JSONModelClassProperty.m in Sources */,
				84A920B01AA3319B009BE61B /* DataBase.m in Sources */,
				84B021941A9FBDE10042A5D0 /* UICell.m in Sources */,
				84A583071A9F5812006B5EE6 /* main.m in Sources */,
				84A9209C1AA304F1009BE61B /* DetailViewController.m in Sources */,
			);
			runOnlyForDeploymentPostprocessing = 0;
		};
/* End PBXSourcesBuildPhase section */

/* Begin PBXVariantGroup section */
		84A5830E1A9F5812006B5EE6 /* Main.storyboard */ = {
			isa = PBXVariantGroup;
			children = (
				84A5830F1A9F5812006B5EE6 /* Base */,
			);
			name = Main.storyboard;
			path = MonumentMap;
			sourceTree = "<group>";
		};
		84A583131A9F5812006B5EE6 /* LaunchScreen.xib */ = {
			isa = PBXVariantGroup;
			children = (
				84A583141A9F5812006B5EE6 /* Base */,
			);
			name = LaunchScreen.xib;
			path = MonumentMap;
			sourceTree = "<group>";
		};
/* End PBXVariantGroup section */

/* Begin XCBuildConfiguration section */
		84A583221A9F5812006B5EE6 /* Debug */ = {
			isa = XCBuildConfiguration;
			buildSettings = {
				ALWAYS_SEARCH_USER_PATHS = NO;
				CLANG_CXX_LANGUAGE_STANDARD = "gnu++0x";
				CLANG_CXX_LIBRARY = "libc++";
				CLANG_ENABLE_MODULES = YES;
				CLANG_ENABLE_OBJC_ARC = YES;
				CLANG_WARN_BOOL_CONVERSION = YES;
				CLANG_WARN_CONSTANT_CONVERSION = YES;
				CLANG_WARN_DIRECT_OBJC_ISA_USAGE = YES_ERROR;
				CLANG_WARN_EMPTY_BODY = YES;
				CLANG_WARN_ENUM_CONVERSION = YES;
				CLANG_WARN_INT_CONVERSION = YES;
				CLANG_WARN_OBJC_ROOT_CLASS = YES_ERROR;
				CLANG_WARN_UNREACHABLE_CODE = YES;
				CLANG_WARN__DUPLICATE_METHOD_MATCH = YES;
				"CODE_SIGN_IDENTITY[sdk=iphoneos*]" = "iPhone Developer";
				COPY_PHASE_STRIP = NO;
				ENABLE_STRICT_OBJC_MSGSEND = YES;
				GCC_C_LANGUAGE_STANDARD = gnu99;
				GCC_DYNAMIC_NO_PIC = NO;
				GCC_OPTIMIZATION_LEVEL = 0;
				GCC_PREPROCESSOR_DEFINITIONS = (
					"DEBUG=1",
					"$(inherited)",
				);
				GCC_SYMBOLS_PRIVATE_EXTERN = NO;
				GCC_WARN_64_TO_32_BIT_CONVERSION = YES;
				GCC_WARN_ABOUT_RETURN_TYPE = YES_ERROR;
				GCC_WARN_UNDECLARED_SELECTOR = YES;
				GCC_WARN_UNINITIALIZED_AUTOS = YES_AGGRESSIVE;
				GCC_WARN_UNUSED_FUNCTION = YES;
				GCC_WARN_UNUSED_VARIABLE = YES;
				IPHONEOS_DEPLOYMENT_TARGET = 8.1;
				MTL_ENABLE_DEBUG_INFO = YES;
				ONLY_ACTIVE_ARCH = YES;
				SDKROOT = iphoneos;
			};
			name = Debug;
		};
		84A583231A9F5812006B5EE6 /* Release */ = {
			isa = XCBuildConfiguration;
			buildSettings = {
				ALWAYS_SEARCH_USER_PATHS = NO;
				CLANG_CXX_LANGUAGE_STANDARD = "gnu++0x";
				CLANG_CXX_LIBRARY = "libc++";
				CLANG_ENABLE_MODULES = YES;
				CLANG_ENABLE_OBJC_ARC = YES;
				CLANG_WARN_BOOL_CONVERSION = YES;
				CLANG_WARN_CONSTANT_CONVERSION = YES;
				CLANG_WARN_DIRECT_OBJC_ISA_USAGE = YES_ERROR;
				CLANG_WARN_EMPTY_BODY = YES;
				CLANG_WARN_ENUM_CONVERSION = YES;
				CLANG_WARN_INT_CONVERSION = YES;
				CLANG_WARN_OBJC_ROOT_CLASS = YES_ERROR;
				CLANG_WARN_UNREACHABLE_CODE = YES;
				CLANG_WARN__DUPLICATE_METHOD_MATCH = YES;
				"CODE_SIGN_IDENTITY[sdk=iphoneos*]" = "iPhone Developer";
				COPY_PHASE_STRIP = YES;
				ENABLE_NS_ASSERTIONS = NO;
				ENABLE_STRICT_OBJC_MSGSEND = YES;
				GCC_C_LANGUAGE_STANDARD = gnu99;
				GCC_WARN_64_TO_32_BIT_CONVERSION = YES;
				GCC_WARN_ABOUT_RETURN_TYPE = YES_ERROR;
				GCC_WARN_UNDECLARED_SELECTOR = YES;
				GCC_WARN_UNINITIALIZED_AUTOS = YES_AGGRESSIVE;
				GCC_WARN_UNUSED_FUNCTION = YES;
				GCC_WARN_UNUSED_VARIABLE = YES;
				IPHONEOS_DEPLOYMENT_TARGET = 8.1;
				MTL_ENABLE_DEBUG_INFO = NO;
				SDKROOT = iphoneos;
				VALIDATE_PRODUCT = YES;
			};
			name = Release;
		};
		84A583251A9F5812006B5EE6 /* Debug */ = {
			isa = XCBuildConfiguration;
			buildSettings = {
				ASSETCATALOG_COMPILER_APPICON_NAME = AppIcon;
				ASSETCATALOG_COMPILER_LAUNCHIMAGE_NAME = LaunchImage;
				CODE_SIGN_IDENTITY = "iPhone Developer";
				INFOPLIST_FILE = MonumentMap/Info.plist;
				IPHONEOS_DEPLOYMENT_TARGET = 7.0;
				LD_RUNPATH_SEARCH_PATHS = "$(inherited) @executable_path/Frameworks";
				PRODUCT_NAME = "$(TARGET_NAME)";
			};
			name = Debug;
		};
		84A583261A9F5812006B5EE6 /* Release */ = {
			isa = XCBuildConfiguration;
			buildSettings = {
				ASSETCATALOG_COMPILER_APPICON_NAME = AppIcon;
				ASSETCATALOG_COMPILER_LAUNCHIMAGE_NAME = LaunchImage;
				CODE_SIGN_IDENTITY = "iPhone Developer";
				INFOPLIST_FILE = MonumentMap/Info.plist;
				IPHONEOS_DEPLOYMENT_TARGET = 7.0;
				LD_RUNPATH_SEARCH_PATHS = "$(inherited) @executable_path/Frameworks";
				PRODUCT_NAME = "$(TARGET_NAME)";
			};
			name = Release;
		};
/* End XCBuildConfiguration section */

/* Begin XCConfigurationList section */
		84A582FC1A9F5812006B5EE6 /* Build configuration list for PBXProject "MonumentMap" */ = {
			isa = XCConfigurationList;
			buildConfigurations = (
				84A583221A9F5812006B5EE6 /* Debug */,
				84A583231A9F5812006B5EE6 /* Release */,
			);
			defaultConfigurationIsVisible = 0;
			defaultConfigurationName = Release;
		};
		84A583241A9F5812006B5EE6 /* Build configuration list for PBXNativeTarget "MonumentMap" */ = {
			isa = XCConfigurationList;
			buildConfigurations = (
				84A583251A9F5812006B5EE6 /* Debug */,
				84A583261A9F5812006B5EE6 /* Release */,
			);
			defaultConfigurationIsVisible = 0;
			defaultConfigurationName = Release;
		};
/* End XCConfigurationList section */
	};
	rootObject = 84A582F91A9F5812006B5EE6 /* Project object */;
}
